{
  "meteor": {},
  "dependencies": {
    "basePackages": {
      "router": {},
      "twit": {},
      "twitter-api": {},
      "moment": {},
      "twilio-meteor": {},
      "bootstrap-3": {}
    },
    "packages": {
      "router": {
        "git": "https://github.com/tmeasday/meteor-router.git",
        "tag": "v0.5.4.1",
        "commit": "d00e380dda2184b70e909fc4a0fb5358d602c586"
      },
      "twit": {
        "git": "https://github.com/subhog/meteor-twit.git",
        "tag": "v0.2.0",
        "commit": "3eb473f9efef8c77ae6a8eb6715fbdf93c4d87c0"
      },
      "twitter-api": {
        "git": "https://github.com/Sewdn/meteor-twitter-api.git",
        "tag": "v0.1.0",
        "commit": "c7a0dbfe61f6207d40cc1863c45b179aadadbb6a"
      },
      "moment": {
        "git": "https://github.com/acreeger/meteor-moment.git",
        "tag": "v2.2.1",
        "commit": "9ee12e714afe56b189f53076447b7b54f3012065"
      },
      "twilio-meteor": {
        "git": "http://github.com/andreioprisan/twilio-meteor.git",
        "tag": "v1.1.0",
        "commit": "7f36ec52fc334caf8b740320524df62afce890e1"
      },
      "bootstrap-3": {
        "git": "https://github.com/mangasocial/meteor-bootstrap-3.git",
        "tag": "v0.3.6",
        "commit": "711dbcabe333c8714298b2fd1de97fdcdae6efa7"
      },
      "page-js-ie-support": {
        "git": "https://github.com/tmeasday/meteor-page-js-ie-support.git",
        "tag": "v1.3.5",
        "commit": "b99ed8380aefd10b2afc8f18d9eed4dd0d8ea9cb"
      },
      "HTML5-History-API": {
        "git": "https://github.com/tmeasday/meteor-HTML5-History-API.git",
        "tag": "v4.0.0",
        "commit": "dc4965f1424cfca625ec3fbea17eace03f8e32c5"
      }
    }
  }
}
